
Microsoft Visual Studio Solution File, Format Version 12.00
# Visual Studio Version 16
VisualStudioVersion = 16.0.32228.343
MinimumVisualStudioVersion = 10.0.40219.1
Project("{9A19103F-16F7-4668-BE54-9A1E7A4F7556}") = "DuskOS_Boot", "DuskOSTMP\DuskOS_Boot.csproj", "{2E9491FE-B3A4-4B5E-A4AB-6B6CFCA1B7FB}"
EndProject
Project("{FAE04EC0-301F-11D3-BF4B-00C04F79EFBC}") = "DuskOSDev", "DuskOSDev\DuskOSDev.csproj", "{9ABCED01-72C9-4380-84A4-F9666A430AE9}"
EndProject
Global
	GlobalSection(SolutionConfigurationPlatforms) = preSolution
		Debug|Any CPU = Debug|Any CPU
		Release|Any CPU = Release|Any CPU
	EndGlobalSection
	GlobalSection(ProjectConfigurationPlatforms) = postSolution
		{2E9491FE-B3A4-4B5E-A4AB-6B6CFCA1B7FB}.Debug|Any CPU.ActiveCfg = Debug|Any CPU
		{2E9491FE-B3A4-4B5E-A4AB-6B6CFCA1B7FB}.Debug|Any CPU.Build.0 = Debug|Any CPU
		{2E9491FE-B3A4-4B5E-A4AB-6B6CFCA1B7FB}.Release|Any CPU.ActiveCfg = Release|Any CPU
		{2E9491FE-B3A4-4B5E-A4AB-6B6CFCA1B7FB}.Release|Any CPU.Build.0 = Release|Any CPU
		{9ABCED01-72C9-4380-84A4-F9666A430AE9}.Debug|Any CPU.ActiveCfg = Debug|Any CPU
		{9ABCED01-72C9-4380-84A4-F9666A430AE9}.Debug|Any CPU.Build.0 = Debug|Any CPU
		{9ABCED01-72C9-4380-84A4-F9666A430AE9}.Release|Any CPU.ActiveCfg = Release|Any CPU
		{9ABCED01-72C9-4380-84A4-F9666A430AE9}.Release|Any CPU.Build.0 = Release|Any CPU
	EndGlobalSection
	GlobalSection(SolutionProperties) = preSolution
		HideSolutionNode = FALSE
	EndGlobalSection
	GlobalSection(ExtensibilityGlobals) = postSolution
		SolutionGuid = {65180259-0DA9-4C2B-981A-DC4B20B7C676}
	EndGlobalSection
EndGlobal
